
Microsoft Visual Studio Solution File, Format Version 12.00
# Visual Studio Version 16
VisualStudioVersion = 16.0.32901.82
MinimumVisualStudioVersion = 10.0.40219.1
Project("{FAE04EC0-301F-11D3-BF4B-00C04F79EFBC}") = "HastaneRandevuOtomasyonu", "HastaneRandevuOtomasyonu\HastaneRandevuOtomasyonu.csproj", "{5BD9E0F8-2CA0-40C7-A96E-A7946320F90B}"
EndProject
Global
	GlobalSection(SolutionConfigurationPlatforms) = preSolution
		Debug|Any CPU = Debug|Any CPU
		Release|Any CPU = Release|Any CPU
	EndGlobalSection
	GlobalSection(ProjectConfigurationPlatforms) = postSolution
		{5BD9E0F8-2CA0-40C7-A96E-A7946320F90B}.Debug|Any CPU.ActiveCfg = Debug|Any CPU
		{5BD9E0F8-2CA0-40C7-A96E-A7946320F90B}.Debug|Any CPU.Build.0 = Debug|Any CPU
		{5BD9E0F8-2CA0-40C7-A96E-A7946320F90B}.Release|Any CPU.ActiveCfg = Release|Any CPU
		{5BD9E0F8-2CA0-40C7-A96E-A7946320F90B}.Release|Any CPU.Build.0 = Release|Any CPU
	EndGlobalSection
	GlobalSection(SolutionProperties) = preSolution
		HideSolutionNode = FALSE
	EndGlobalSection
	GlobalSection(ExtensibilityGlobals) = postSolution
		SolutionGuid = {D570B7CF-2AD1-4082-B12B-6C3D66A7DAA0}
	EndGlobalSection
EndGlobal
